
Microsoft Visual Studio Solution File, Format Version 12.00
# Visual Studio 15
VisualStudioVersion = 15.0.28307.421
MinimumVisualStudioVersion = 10.0.40219.1
Project("{8BC9CEB8-8B4A-11D0-8D11-00A0C91BC942}") = "Backend", "Game\Game.vcxproj", "{ABFDAA79-C998-4F34-BD31-01EBBCA28D2E}"
EndProject
Project("{FAE04EC0-301F-11D3-BF4B-00C04F79EFBC}") = "Frontend", "Frontend\Frontend.csproj", "{3519A5A8-D8C6-4779-83FF-16D065C7AE38}"
	ProjectSection(ProjectDependencies) = postProject
		{ABFDAA79-C998-4F34-BD31-01EBBCA28D2E} = {ABFDAA79-C998-4F34-BD31-01EBBCA28D2E}
	EndProjectSection
EndProject
Project("{8BC9CEB8-8B4A-11D0-8D11-00A0C91BC942}") = "BackendInterface", "BackendInterface\BackendInterface.vcxproj", "{997D0968-DA14-4DDD-B5CD-8BE0606F9123}"
	ProjectSection(ProjectDependencies) = postProject
		{ABFDAA79-C998-4F34-BD31-01EBBCA28D2E} = {ABFDAA79-C998-4F34-BD31-01EBBCA28D2E}
	EndProjectSection
EndProject
Global
	GlobalSection(SolutionConfigurationPlatforms) = preSolution
		Debug|Any CPU = Debug|Any CPU
		Debug|x64 = Debug|x64
		Debug|x86 = Debug|x86
		Release|Any CPU = Release|Any CPU
		Release|x64 = Release|x64
		Release|x86 = Release|x86
	EndGlobalSection
	GlobalSection(ProjectConfigurationPlatforms) = postSolution
		{ABFDAA79-C998-4F34-BD31-01EBBCA28D2E}.Debug|Any CPU.ActiveCfg = Debug|Win32
		{ABFDAA79-C998-4F34-BD31-01EBBCA28D2E}.Debug|x64.ActiveCfg = Debug|x64
		{ABFDAA79-C998-4F34-BD31-01EBBCA28D2E}.Debug|x64.Build.0 = Debug|x64
		{ABFDAA79-C998-4F34-BD31-01EBBCA28D2E}.Debug|x86.ActiveCfg = Debug|Win32
		{ABFDAA79-C998-4F34-BD31-01EBBCA28D2E}.Debug|x86.Build.0 = Debug|Win32
		{ABFDAA79-C998-4F34-BD31-01EBBCA28D2E}.Release|Any CPU.ActiveCfg = Release|Win32
		{ABFDAA79-C998-4F34-BD31-01EBBCA28D2E}.Release|x64.ActiveCfg = Release|x64
		{ABFDAA79-C998-4F34-BD31-01EBBCA28D2E}.Release|x64.Build.0 = Release|x64
		{ABFDAA79-C998-4F34-BD31-01EBBCA28D2E}.Release|x86.ActiveCfg = Release|Win32
		{ABFDAA79-C998-4F34-BD31-01EBBCA28D2E}.Release|x86.Build.0 = Release|Win32
		{3519A5A8-D8C6-4779-83FF-16D065C7AE38}.Debug|Any CPU.ActiveCfg = Debug|Any CPU
		{3519A5A8-D8C6-4779-83FF-16D065C7AE38}.Debug|Any CPU.Build.0 = Debug|Any CPU
		{3519A5A8-D8C6-4779-83FF-16D065C7AE38}.Debug|x64.ActiveCfg = Debug|Any CPU
		{3519A5A8-D8C6-4779-83FF-16D065C7AE38}.Debug|x64.Build.0 = Debug|Any CPU
		{3519A5A8-D8C6-4779-83FF-16D065C7AE38}.Debug|x86.ActiveCfg = Debug|Any CPU
		{3519A5A8-D8C6-4779-83FF-16D065C7AE38}.Debug|x86.Build.0 = Debug|Any CPU
		{3519A5A8-D8C6-4779-83FF-16D065C7AE38}.Release|Any CPU.ActiveCfg = Release|Any CPU
		{3519A5A8-D8C6-4779-83FF-16D065C7AE38}.Release|Any CPU.Build.0 = Release|Any CPU
		{3519A5A8-D8C6-4779-83FF-16D065C7AE38}.Release|x64.ActiveCfg = Release|Any CPU
		{3519A5A8-D8C6-4779-83FF-16D065C7AE38}.Release|x64.Build.0 = Release|Any CPU
		{3519A5A8-D8C6-4779-83FF-16D065C7AE38}.Release|x86.ActiveCfg = Release|Any CPU
		{3519A5A8-D8C6-4779-83FF-16D065C7AE38}.Release|x86.Build.0 = Release|Any CPU
		{997D0968-DA14-4DDD-B5CD-8BE0606F9123}.Debug|Any CPU.ActiveCfg = Debug|Win32
		{997D0968-DA14-4DDD-B5CD-8BE0606F9123}.Debug|x64.ActiveCfg = Debug|x64
		{997D0968-DA14-4DDD-B5CD-8BE0606F9123}.Debug|x64.Build.0 = Debug|x64
		{997D0968-DA14-4DDD-B5CD-8BE0606F9123}.Debug|x86.ActiveCfg = Debug|Win32
		{997D0968-DA14-4DDD-B5CD-8BE0606F9123}.Debug|x86.Build.0 = Debug|Win32
		{997D0968-DA14-4DDD-B5CD-8BE0606F9123}.Release|Any CPU.ActiveCfg = Release|Win32
		{997D0968-DA14-4DDD-B5CD-8BE0606F9123}.Release|x64.ActiveCfg = Release|x64
		{997D0968-DA14-4DDD-B5CD-8BE0606F9123}.Release|x64.Build.0 = Release|x64
		{997D0968-DA14-4DDD-B5CD-8BE0606F9123}.Release|x86.ActiveCfg = Release|Win32
		{997D0968-DA14-4DDD-B5CD-8BE0606F9123}.Release|x86.Build.0 = Release|Win32
	EndGlobalSection
	GlobalSection(SolutionProperties) = preSolution
		HideSolutionNode = FALSE
	EndGlobalSection
	GlobalSection(ExtensibilityGlobals) = postSolution
		SolutionGuid = {AA830855-E4CA-4300-A279-1EC435BDF859}
	EndGlobalSection
EndGlobal
