
Microsoft Visual Studio Solution File, Format Version 12.00
# Visual Studio 15
VisualStudioVersion = 15.0.28307.421
MinimumVisualStudioVersion = 10.0.40219.1
Project("{8BC9CEB8-8B4A-11D0-8D11-00A0C91BC942}") = "Backend", "Game\Game.vcxproj", "{ABFDAA79-C998-4F34-BD31-01EBBCA28D2E}"
EndProject
Project("{8BC9CEB8-8B4A-11D0-8D11-00A0C91BC942}") = "ConsoleFrontend", "ConsoleFrontend\ConsoleFrontend.vcxproj", "{71C5523A-CB31-44AB-98AA-F6C79B2AD685}"
	ProjectSection(ProjectDependencies) = postProject
		{ABFDAA79-C998-4F34-BD31-01EBBCA28D2E} = {ABFDAA79-C998-4F34-BD31-01EBBCA28D2E}
		{B08DB3EE-3774-486E-82DF-A4E9BF0C2999} = {B08DB3EE-3774-486E-82DF-A4E9BF0C2999}
	EndProjectSection
EndProject
Project("{8BC9CEB8-8B4A-11D0-8D11-00A0C91BC942}") = "Parser", "Parser\Parser.vcxproj", "{B08DB3EE-3774-486E-82DF-A4E9BF0C2999}"
EndProject
Global
	GlobalSection(SolutionConfigurationPlatforms) = preSolution
		Debug|Any CPU = Debug|Any CPU
		Debug|x64 = Debug|x64
		Debug|x86 = Debug|x86
		Release|Any CPU = Release|Any CPU
		Release|x64 = Release|x64
		Release|x86 = Release|x86
	EndGlobalSection
	GlobalSection(ProjectConfigurationPlatforms) = postSolution
		{ABFDAA79-C998-4F34-BD31-01EBBCA28D2E}.Debug|Any CPU.ActiveCfg = Debug|Win32
		{ABFDAA79-C998-4F34-BD31-01EBBCA28D2E}.Debug|x64.ActiveCfg = Debug|x64
		{ABFDAA79-C998-4F34-BD31-01EBBCA28D2E}.Debug|x64.Build.0 = Debug|x64
		{ABFDAA79-C998-4F34-BD31-01EBBCA28D2E}.Debug|x86.ActiveCfg = Debug|Win32
		{ABFDAA79-C998-4F34-BD31-01EBBCA28D2E}.Debug|x86.Build.0 = Debug|Win32
		{ABFDAA79-C998-4F34-BD31-01EBBCA28D2E}.Release|Any CPU.ActiveCfg = Release|Win32
		{ABFDAA79-C998-4F34-BD31-01EBBCA28D2E}.Release|x64.ActiveCfg = Release|x64
		{ABFDAA79-C998-4F34-BD31-01EBBCA28D2E}.Release|x64.Build.0 = Release|x64
		{ABFDAA79-C998-4F34-BD31-01EBBCA28D2E}.Release|x86.ActiveCfg = Release|Win32
		{ABFDAA79-C998-4F34-BD31-01EBBCA28D2E}.Release|x86.Build.0 = Release|Win32
		{71C5523A-CB31-44AB-98AA-F6C79B2AD685}.Debug|Any CPU.ActiveCfg = Debug|Win32
		{71C5523A-CB31-44AB-98AA-F6C79B2AD685}.Debug|x64.ActiveCfg = Debug|x64
		{71C5523A-CB31-44AB-98AA-F6C79B2AD685}.Debug|x64.Build.0 = Debug|x64
		{71C5523A-CB31-44AB-98AA-F6C79B2AD685}.Debug|x86.ActiveCfg = Debug|Win32
		{71C5523A-CB31-44AB-98AA-F6C79B2AD685}.Debug|x86.Build.0 = Debug|Win32
		{71C5523A-CB31-44AB-98AA-F6C79B2AD685}.Release|Any CPU.ActiveCfg = Release|Win32
		{71C5523A-CB31-44AB-98AA-F6C79B2AD685}.Release|x64.ActiveCfg = Release|x64
		{71C5523A-CB31-44AB-98AA-F6C79B2AD685}.Release|x64.Build.0 = Release|x64
		{71C5523A-CB31-44AB-98AA-F6C79B2AD685}.Release|x86.ActiveCfg = Release|Win32
		{71C5523A-CB31-44AB-98AA-F6C79B2AD685}.Release|x86.Build.0 = Release|Win32
		{B08DB3EE-3774-486E-82DF-A4E9BF0C2999}.Debug|Any CPU.ActiveCfg = Debug|Win32
		{B08DB3EE-3774-486E-82DF-A4E9BF0C2999}.Debug|x64.ActiveCfg = Debug|x64
		{B08DB3EE-3774-486E-82DF-A4E9BF0C2999}.Debug|x64.Build.0 = Debug|x64
		{B08DB3EE-3774-486E-82DF-A4E9BF0C2999}.Debug|x86.ActiveCfg = Debug|Win32
		{B08DB3EE-3774-486E-82DF-A4E9BF0C2999}.Debug|x86.Build.0 = Debug|Win32
		{B08DB3EE-3774-486E-82DF-A4E9BF0C2999}.Release|Any CPU.ActiveCfg = Release|Win32
		{B08DB3EE-3774-486E-82DF-A4E9BF0C2999}.Release|x64.ActiveCfg = Release|x64
		{B08DB3EE-3774-486E-82DF-A4E9BF0C2999}.Release|x64.Build.0 = Release|x64
		{B08DB3EE-3774-486E-82DF-A4E9BF0C2999}.Release|x86.ActiveCfg = Release|Win32
		{B08DB3EE-3774-486E-82DF-A4E9BF0C2999}.Release|x86.Build.0 = Release|Win32
	EndGlobalSection
	GlobalSection(SolutionProperties) = preSolution
		HideSolutionNode = FALSE
	EndGlobalSection
	GlobalSection(ExtensibilityGlobals) = postSolution
		SolutionGuid = {AA830855-E4CA-4300-A279-1EC435BDF859}
	EndGlobalSection
EndGlobal
